// !$*UTF8*$!
{
	archiveVersion = 1;
	classes = {
	};
	objectVersion = 46;
	objects = {

/* Begin PBXBuildFile section */
		AF0B1E481A9C1EB500BEFEA2 /* main.m in Sources */ = {isa = PBXBuildFile; fileRef = AF0B1E471A9C1EB500BEFEA2 /* main.m */; };
		AF0B1E4F1A9C1F0300BEFEA2 /* Realm.framework in Frameworks */ = {isa = PBXBuildFile; fileRef = AF0B1E4E1A9C1F0300BEFEA2 /* Realm.framework */; };
		AF0B1E511A9C1F0D00BEFEA2 /* libc++.dylib in Frameworks */ = {isa = PBXBuildFile; fileRef = AF0B1E501A9C1F0D00BEFEA2 /* libc++.dylib */; };
		AF0B1E541A9C1F8500BEFEA2 /* Area.m in Sources */ = {isa = PBXBuildFile; fileRef = AF0B1E531A9C1F8500BEFEA2 /* Area.m */; };
		AF0B1E581A9C20A400BEFEA2 /* StartDay.m in Sources */ = {isa = PBXBuildFile; fileRef = AF0B1E571A9C20A400BEFEA2 /* StartDay.m */; };
		AF0B1E5D1A9C255100BEFEA2 /* MinimumDay.m in Sources */ = {isa = PBXBuildFile; fileRef = AF0B1E5C1A9C255100BEFEA2 /* MinimumDay.m */; };
		AF0B1E601A9C277800BEFEA2 /* OptionTag.m in Sources */ = {isa = PBXBuildFile; fileRef = AF0B1E5F1A9C277800BEFEA2 /* OptionTag.m */; };
		AF0B1E631A9C28D300BEFEA2 /* MainJob.m in Sources */ = {isa = PBXBuildFile; fileRef = AF0B1E621A9C28D300BEFEA2 /* MainJob.m */; };
		AF0B1E6A1A9DE84F00BEFEA2 /* Realm.framework in CopyFiles */ = {isa = PBXBuildFile; fileRef = AF0B1E4E1A9C1F0300BEFEA2 /* Realm.framework */; };
		AF0B1E6B1A9DE85300BEFEA2 /* libc++.dylib in CopyFiles */ = {isa = PBXBuildFile; fileRef = AF0B1E501A9C1F0D00BEFEA2 /* libc++.dylib */; };
		AF0B1E6C1A9DE85B00BEFEA2 /* MainJob.json in CopyFiles */ = {isa = PBXBuildFile; fileRef = AF0B1E641A9D6E8900BEFEA2 /* MainJob.json */; };
		AF0B1E6D1A9DE86000BEFEA2 /* StartDay.json in CopyFiles */ = {isa = PBXBuildFile; fileRef = AF0B1E661A9D6E8900BEFEA2 /* StartDay.json */; };
		AF0B1E6E1A9DE86500BEFEA2 /* area.json in CopyFiles */ = {isa = PBXBuildFile; fileRef = AF0B1E671A9D6E8900BEFEA2 /* area.json */; };
		AF0B1E6F1A9DE88900BEFEA2 /* MinimumDay.json in CopyFiles */ = {isa = PBXBuildFile; fileRef = AF0B1E651A9D6E8900BEFEA2 /* MinimumDay.json */; };
/* End PBXBuildFile section */

/* Begin PBXCopyFilesBuildPhase section */
		AF0B1E421A9C1EB500BEFEA2 /* CopyFiles */ = {
			isa = PBXCopyFilesBuildPhase;
			buildActionMask = 12;
			dstPath = "";
			dstSubfolderSpec = 16;
			files = (
				AF0B1E6F1A9DE88900BEFEA2 /* MinimumDay.json in CopyFiles */,
				AF0B1E6E1A9DE86500BEFEA2 /* area.json in CopyFiles */,
				AF0B1E6D1A9DE86000BEFEA2 /* StartDay.json in CopyFiles */,
				AF0B1E6C1A9DE85B00BEFEA2 /* MainJob.json in CopyFiles */,
				AF0B1E6B1A9DE85300BEFEA2 /* libc++.dylib in CopyFiles */,
				AF0B1E6A1A9DE84F00BEFEA2 /* Realm.framework in CopyFiles */,
			);
			runOnlyForDeploymentPostprocessing = 0;
		};
/* End PBXCopyFilesBuildPhase section */

/* Begin PBXFileReference section */
		AF0B1E441A9C1EB500BEFEA2 /* RealmForShotAlert2 */ = {isa = PBXFileReference; explicitFileType = "compiled.mach-o.executable"; includeInIndex = 0; path = RealmForShotAlert2; sourceTree = BUILT_PRODUCTS_DIR; };
		AF0B1E471A9C1EB500BEFEA2 /* main.m */ = {isa = PBXFileReference; lastKnownFileType = sourcecode.c.objc; path = main.m; sourceTree = "<group>"; };
		AF0B1E4E1A9C1F0300BEFEA2 /* Realm.framework */ = {isa = PBXFileReference; lastKnownFileType = wrapper.framework; name = Realm.framework; path = RealmForShotAlert2/Realm.framework; sourceTree = "<group>"; };
		AF0B1E501A9C1F0D00BEFEA2 /* libc++.dylib */ = {isa = PBXFileReference; lastKnownFileType = "compiled.mach-o.dylib"; name = "libc++.dylib"; path = "usr/lib/libc++.dylib"; sourceTree = SDKROOT; };
		AF0B1E521A9C1F7C00BEFEA2 /* Area.h */ = {isa = PBXFileReference; fileEncoding = 4; lastKnownFileType = sourcecode.c.h; path = Area.h; sourceTree = "<group>"; };
		AF0B1E531A9C1F8500BEFEA2 /* Area.m */ = {isa = PBXFileReference; fileEncoding = 4; lastKnownFileType = sourcecode.c.objc; path = Area.m; sourceTree = "<group>"; };
		AF0B1E561A9C205100BEFEA2 /* StartDay.h */ = {isa = PBXFileReference; fileEncoding = 4; lastKnownFileType = sourcecode.c.h; path = StartDay.h; sourceTree = "<group>"; };
		AF0B1E571A9C20A400BEFEA2 /* StartDay.m */ = {isa = PBXFileReference; fileEncoding = 4; lastKnownFileType = sourcecode.c.objc; path = StartDay.m; sourceTree = "<group>"; };
		AF0B1E5B1A9C250D00BEFEA2 /* MinimumDay.h */ = {isa = PBXFileReference; fileEncoding = 4; lastKnownFileType = sourcecode.c.h; path = MinimumDay.h; sourceTree = "<group>"; };
		AF0B1E5C1A9C255100BEFEA2 /* MinimumDay.m */ = {isa = PBXFileReference; fileEncoding = 4; lastKnownFileType = sourcecode.c.objc; path = MinimumDay.m; sourceTree = "<group>"; };
		AF0B1E5E1A9C274900BEFEA2 /* OptionTag.h */ = {isa = PBXFileReference; fileEncoding = 4; lastKnownFileType = sourcecode.c.h; path = OptionTag.h; sourceTree = "<group>"; };
		AF0B1E5F1A9C277800BEFEA2 /* OptionTag.m */ = {isa = PBXFileReference; fileEncoding = 4; lastKnownFileType = sourcecode.c.objc; path = OptionTag.m; sourceTree = "<group>"; };
		AF0B1E611A9C289C00BEFEA2 /* MainJob.h */ = {isa = PBXFileReference; fileEncoding = 4; lastKnownFileType = sourcecode.c.h; path = MainJob.h; sourceTree = "<group>"; };
		AF0B1E621A9C28D300BEFEA2 /* MainJob.m */ = {isa = PBXFileReference; fileEncoding = 4; lastKnownFileType = sourcecode.c.objc; path = MainJob.m; sourceTree = "<group>"; };
		AF0B1E641A9D6E8900BEFEA2 /* MainJob.json */ = {isa = PBXFileReference; fileEncoding = 4; lastKnownFileType = text.json; path = MainJob.json; sourceTree = "<group>"; };
		AF0B1E651A9D6E8900BEFEA2 /* MinimumDay.json */ = {isa = PBXFileReference; fileEncoding = 4; lastKnownFileType = text.json; path = MinimumDay.json; sourceTree = "<group>"; };
		AF0B1E661A9D6E8900BEFEA2 /* StartDay.json */ = {isa = PBXFileReference; fileEncoding = 4; lastKnownFileType = text.json; path = StartDay.json; sourceTree = "<group>"; };
		AF0B1E671A9D6E8900BEFEA2 /* area.json */ = {isa = PBXFileReference; fileEncoding = 4; lastKnownFileType = text.json; path = area.json; sourceTree = "<group>"; };
/* End PBXFileReference section */

/* Begin PBXFrameworksBuildPhase section */
		AF0B1E411A9C1EB500BEFEA2 /* Frameworks */ = {
			isa = PBXFrameworksBuildPhase;
			buildActionMask = 2147483647;
			files = (
				AF0B1E511A9C1F0D00BEFEA2 /* libc++.dylib in Frameworks */,
				AF0B1E4F1A9C1F0300BEFEA2 /* Realm.framework in Frameworks */,
			);
			runOnlyForDeploymentPostprocessing = 0;
		};
/* End PBXFrameworksBuildPhase section */

/* Begin PBXGroup section */
		AF0B1E3B1A9C1EB500BEFEA2 = {
			isa = PBXGroup;
			children = (
				AF0B1E691A9DE7BD00BEFEA2 /* Framework */,
				AF0B1E461A9C1EB500BEFEA2 /* RealmForShotAlert2 */,
				AF0B1E451A9C1EB500BEFEA2 /* Products */,
			);
			sourceTree = "<group>";
		};
		AF0B1E451A9C1EB500BEFEA2 /* Products */ = {
			isa = PBXGroup;
			children = (
				AF0B1E441A9C1EB500BEFEA2 /* RealmForShotAlert2 */,
			);
			name = Products;
			sourceTree = "<group>";
		};
		AF0B1E461A9C1EB500BEFEA2 /* RealmForShotAlert2 */ = {
			isa = PBXGroup;
			children = (
				AF0B1E681A9DE7B000BEFEA2 /* New Group */,
				AF0B1E641A9D6E8900BEFEA2 /* MainJob.json */,
				AF0B1E651A9D6E8900BEFEA2 /* MinimumDay.json */,
				AF0B1E661A9D6E8900BEFEA2 /* StartDay.json */,
				AF0B1E671A9D6E8900BEFEA2 /* area.json */,
				AF0B1E571A9C20A400BEFEA2 /* StartDay.m */,
				AF0B1E521A9C1F7C00BEFEA2 /* Area.h */,
				AF0B1E531A9C1F8500BEFEA2 /* Area.m */,
				AF0B1E471A9C1EB500BEFEA2 /* main.m */,
				AF0B1E561A9C205100BEFEA2 /* StartDay.h */,
				AF0B1E5B1A9C250D00BEFEA2 /* MinimumDay.h */,
				AF0B1E5C1A9C255100BEFEA2 /* MinimumDay.m */,
				AF0B1E5E1A9C274900BEFEA2 /* OptionTag.h */,
				AF0B1E5F1A9C277800BEFEA2 /* OptionTag.m */,
				AF0B1E611A9C289C00BEFEA2 /* MainJob.h */,
				AF0B1E621A9C28D300BEFEA2 /* MainJob.m */,
			);
			path = RealmForShotAlert2;
			sourceTree = "<group>";
		};
		AF0B1E681A9DE7B000BEFEA2 /* New Group */ = {
			isa = PBXGroup;
			children = (
			);
			name = "New Group";
			sourceTree = "<group>";
		};
		AF0B1E691A9DE7BD00BEFEA2 /* Framework */ = {
			isa = PBXGroup;
			children = (
				AF0B1E501A9C1F0D00BEFEA2 /* libc++.dylib */,
				AF0B1E4E1A9C1F0300BEFEA2 /* Realm.framework */,
			);
			name = Framework;
			sourceTree = "<group>";
		};
/* End PBXGroup section */

/* Begin PBXNativeTarget section */
		AF0B1E431A9C1EB500BEFEA2 /* RealmForShotAlert2 */ = {
			isa = PBXNativeTarget;
			buildConfigurationList = AF0B1E4B1A9C1EB500BEFEA2 /* Build configuration list for PBXNativeTarget "RealmForShotAlert2" */;
			buildPhases = (
				AF0B1E401A9C1EB500BEFEA2 /* Sources */,
				AF0B1E411A9C1EB500BEFEA2 /* Frameworks */,
				AF0B1E421A9C1EB500BEFEA2 /* CopyFiles */,
			);
			buildRules = (
			);
			dependencies = (
			);
			name = RealmForShotAlert2;
			productName = RealmForShotAlert2;
			productReference = AF0B1E441A9C1EB500BEFEA2 /* RealmForShotAlert2 */;
			productType = "com.apple.product-type.tool";
		};
/* End PBXNativeTarget section */

/* Begin PBXProject section */
		AF0B1E3C1A9C1EB500BEFEA2 /* Project object */ = {
			isa = PBXProject;
			attributes = {
				LastUpgradeCheck = 0610;
				ORGANIZATIONNAME = "平塚　俊輔";
				TargetAttributes = {
					AF0B1E431A9C1EB500BEFEA2 = {
						CreatedOnToolsVersion = 6.1.1;
					};
				};
			};
			buildConfigurationList = AF0B1E3F1A9C1EB500BEFEA2 /* Build configuration list for PBXProject "RealmForShotAlert2" */;
			compatibilityVersion = "Xcode 3.2";
			developmentRegion = English;
			hasScannedForEncodings = 0;
			knownRegions = (
				en,
			);
			mainGroup = AF0B1E3B1A9C1EB500BEFEA2;
			productRefGroup = AF0B1E451A9C1EB500BEFEA2 /* Products */;
			projectDirPath = "";
			projectRoot = "";
			targets = (
				AF0B1E431A9C1EB500BEFEA2 /* RealmForShotAlert2 */,
			);
		};
/* End PBXProject section */

/* Begin PBXSourcesBuildPhase section */
		AF0B1E401A9C1EB500BEFEA2 /* Sources */ = {
			isa = PBXSourcesBuildPhase;
			buildActionMask = 2147483647;
			files = (
				AF0B1E581A9C20A400BEFEA2 /* StartDay.m in Sources */,
				AF0B1E5D1A9C255100BEFEA2 /* MinimumDay.m in Sources */,
				AF0B1E541A9C1F8500BEFEA2 /* Area.m in Sources */,
				AF0B1E481A9C1EB500BEFEA2 /* main.m in Sources */,
				AF0B1E631A9C28D300BEFEA2 /* MainJob.m in Sources */,
				AF0B1E601A9C277800BEFEA2 /* OptionTag.m in Sources */,
			);
			runOnlyForDeploymentPostprocessing = 0;
		};
/* End PBXSourcesBuildPhase section */

/* Begin XCBuildConfiguration section */
		AF0B1E491A9C1EB500BEFEA2 /* Debug */ = {
			isa = XCBuildConfiguration;
			buildSettings = {
				ALWAYS_SEARCH_USER_PATHS = NO;
				CLANG_CXX_LANGUAGE_STANDARD = "gnu++0x";
				CLANG_CXX_LIBRARY = "libc++";
				CLANG_ENABLE_MODULES = YES;
				CLANG_ENABLE_OBJC_ARC = YES;
				CLANG_WARN_BOOL_CONVERSION = YES;
				CLANG_WARN_CONSTANT_CONVERSION = YES;
				CLANG_WARN_DIRECT_OBJC_ISA_USAGE = YES_ERROR;
				CLANG_WARN_EMPTY_BODY = YES;
				CLANG_WARN_ENUM_CONVERSION = YES;
				CLANG_WARN_INT_CONVERSION = YES;
				CLANG_WARN_OBJC_ROOT_CLASS = YES_ERROR;
				CLANG_WARN_UNREACHABLE_CODE = YES;
				CLANG_WARN__DUPLICATE_METHOD_MATCH = YES;
				COPY_PHASE_STRIP = NO;
				ENABLE_STRICT_OBJC_MSGSEND = YES;
				GCC_C_LANGUAGE_STANDARD = gnu99;
				GCC_DYNAMIC_NO_PIC = NO;
				GCC_OPTIMIZATION_LEVEL = 0;
				GCC_PREPROCESSOR_DEFINITIONS = (
					"DEBUG=1",
					"$(inherited)",
				);
				GCC_SYMBOLS_PRIVATE_EXTERN = NO;
				GCC_WARN_64_TO_32_BIT_CONVERSION = YES;
				GCC_WARN_ABOUT_RETURN_TYPE = YES_ERROR;
				GCC_WARN_UNDECLARED_SELECTOR = YES;
				GCC_WARN_UNINITIALIZED_AUTOS = YES_AGGRESSIVE;
				GCC_WARN_UNUSED_FUNCTION = YES;
				GCC_WARN_UNUSED_VARIABLE = YES;
				MACOSX_DEPLOYMENT_TARGET = 10.9;
				MTL_ENABLE_DEBUG_INFO = YES;
				ONLY_ACTIVE_ARCH = YES;
				SDKROOT = macosx;
			};
			name = Debug;
		};
		AF0B1E4A1A9C1EB500BEFEA2 /* Release */ = {
			isa = XCBuildConfiguration;
			buildSettings = {
				ALWAYS_SEARCH_USER_PATHS = NO;
				CLANG_CXX_LANGUAGE_STANDARD = "gnu++0x";
				CLANG_CXX_LIBRARY = "libc++";
				CLANG_ENABLE_MODULES = YES;
				CLANG_ENABLE_OBJC_ARC = YES;
				CLANG_WARN_BOOL_CONVERSION = YES;
				CLANG_WARN_CONSTANT_CONVERSION = YES;
				CLANG_WARN_DIRECT_OBJC_ISA_USAGE = YES_ERROR;
				CLANG_WARN_EMPTY_BODY = YES;
				CLANG_WARN_ENUM_CONVERSION = YES;
				CLANG_WARN_INT_CONVERSION = YES;
				CLANG_WARN_OBJC_ROOT_CLASS = YES_ERROR;
				CLANG_WARN_UNREACHABLE_CODE = YES;
				CLANG_WARN__DUPLICATE_METHOD_MATCH = YES;
				COPY_PHASE_STRIP = YES;
				DEBUG_INFORMATION_FORMAT = "dwarf-with-dsym";
				ENABLE_NS_ASSERTIONS = NO;
				ENABLE_STRICT_OBJC_MSGSEND = YES;
				GCC_C_LANGUAGE_STANDARD = gnu99;
				GCC_WARN_64_TO_32_BIT_CONVERSION = YES;
				GCC_WARN_ABOUT_RETURN_TYPE = YES_ERROR;
				GCC_WARN_UNDECLARED_SELECTOR = YES;
				GCC_WARN_UNINITIALIZED_AUTOS = YES_AGGRESSIVE;
				GCC_WARN_UNUSED_FUNCTION = YES;
				GCC_WARN_UNUSED_VARIABLE = YES;
				MACOSX_DEPLOYMENT_TARGET = 10.9;
				MTL_ENABLE_DEBUG_INFO = NO;
				SDKROOT = macosx;
			};
			name = Release;
		};
		AF0B1E4C1A9C1EB500BEFEA2 /* Debug */ = {
			isa = XCBuildConfiguration;
			buildSettings = {
				FRAMEWORK_SEARCH_PATHS = (
					"$(inherited)",
					"$(PROJECT_DIR)/RealmForShotAlert2",
				);
				PRODUCT_NAME = "$(TARGET_NAME)";
			};
			name = Debug;
		};
		AF0B1E4D1A9C1EB500BEFEA2 /* Release */ = {
			isa = XCBuildConfiguration;
			buildSettings = {
				FRAMEWORK_SEARCH_PATHS = (
					"$(inherited)",
					"$(PROJECT_DIR)/RealmForShotAlert2",
				);
				PRODUCT_NAME = "$(TARGET_NAME)";
			};
			name = Release;
		};
/* End XCBuildConfiguration section */

/* Begin XCConfigurationList section */
		AF0B1E3F1A9C1EB500BEFEA2 /* Build configuration list for PBXProject "RealmForShotAlert2" */ = {
			isa = XCConfigurationList;
			buildConfigurations = (
				AF0B1E491A9C1EB500BEFEA2 /* Debug */,
				AF0B1E4A1A9C1EB500BEFEA2 /* Release */,
			);
			defaultConfigurationIsVisible = 0;
			defaultConfigurationName = Release;
		};
		AF0B1E4B1A9C1EB500BEFEA2 /* Build configuration list for PBXNativeTarget "RealmForShotAlert2" */ = {
			isa = XCConfigurationList;
			buildConfigurations = (
				AF0B1E4C1A9C1EB500BEFEA2 /* Debug */,
				AF0B1E4D1A9C1EB500BEFEA2 /* Release */,
			);
			defaultConfigurationIsVisible = 0;
		};
/* End XCConfigurationList section */
	};
	rootObject = AF0B1E3C1A9C1EB500BEFEA2 /* Project object */;
}
