// !$*UTF8*$!
{
	archiveVersion = 1;
	classes = {
	};
	objectVersion = 46;
	objects = {

/* Begin PBXBuildFile section */
		AF0B1E481A9C1EB500BEFEA2 /* main.m in Sources */ = {isa = PBXBuildFile; fileRef = AF0B1E471A9C1EB500BEFEA2 /* main.m */; };
/* End PBXBuildFile section */

/* Begin PBXCopyFilesBuildPhase section */
		AF0B1E421A9C1EB500BEFEA2 /* CopyFiles */ = {
			isa = PBXCopyFilesBuildPhase;
			buildActionMask = 2147483647;
			dstPath = /usr/share/man/man1/;
			dstSubfolderSpec = 0;
			files = (
			);
			runOnlyForDeploymentPostprocessing = 1;
		};
/* End PBXCopyFilesBuildPhase section */

/* Begin PBXFileReference section */
		AF0B1E441A9C1EB500BEFEA2 /* RealmForShotAlert2 */ = {isa = PBXFileReference; explicitFileType = "compiled.mach-o.executable"; includeInIndex = 0; path = RealmForShotAlert2; sourceTree = BUILT_PRODUCTS_DIR; };
		AF0B1E471A9C1EB500BEFEA2 /* main.m */ = {isa = PBXFileReference; lastKnownFileType = sourcecode.c.objc; path = main.m; sourceTree = "<group>"; };
/* End PBXFileReference section */

/* Begin PBXFrameworksBuildPhase section */
		AF0B1E411A9C1EB500BEFEA2 /* Frameworks */ = {
			isa = PBXFrameworksBuildPhase;
			buildActionMask = 2147483647;
			files = (
			);
			runOnlyForDeploymentPostprocessing = 0;
		};
/* End PBXFrameworksBuildPhase section */

/* Begin PBXGroup section */
		AF0B1E3B1A9C1EB500BEFEA2 = {
			isa = PBXGroup;
			children = (
				AF0B1E461A9C1EB500BEFEA2 /* RealmForShotAlert2 */,
				AF0B1E451A9C1EB500BEFEA2 /* Products */,
			);
			sourceTree = "<group>";
		};
		AF0B1E451A9C1EB500BEFEA2 /* Products */ = {
			isa = PBXGroup;
			children = (
				AF0B1E441A9C1EB500BEFEA2 /* RealmForShotAlert2 */,
			);
			name = Products;
			sourceTree = "<group>";
		};
		AF0B1E461A9C1EB500BEFEA2 /* RealmForShotAlert2 */ = {
			isa = PBXGroup;
			children = (
				AF0B1E471A9C1EB500BEFEA2 /* main.m */,
			);
			path = RealmForShotAlert2;
			sourceTree = "<group>";
		};
/* End PBXGroup section */

/* Begin PBXNativeTarget section */
		AF0B1E431A9C1EB500BEFEA2 /* RealmForShotAlert2 */ = {
			isa = PBXNativeTarget;
			buildConfigurationList = AF0B1E4B1A9C1EB500BEFEA2 /* Build configuration list for PBXNativeTarget "RealmForShotAlert2" */;
			buildPhases = (
				AF0B1E401A9C1EB500BEFEA2 /* Sources */,
				AF0B1E411A9C1EB500BEFEA2 /* Frameworks */,
				AF0B1E421A9C1EB500BEFEA2 /* CopyFiles */,
			);
			buildRules = (
			);
			dependencies = (
			);
			name = RealmForShotAlert2;
			productName = RealmForShotAlert2;
			productReference = AF0B1E441A9C1EB500BEFEA2 /* RealmForShotAlert2 */;
			productType = "com.apple.product-type.tool";
		};
/* End PBXNativeTarget section */

/* Begin PBXProject section */
		AF0B1E3C1A9C1EB500BEFEA2 /* Project object */ = {
			isa = PBXProject;
			attributes = {
				LastUpgradeCheck = 0610;
				ORGANIZATIONNAME = "平塚　俊輔";
				TargetAttributes = {
					AF0B1E431A9C1EB500BEFEA2 = {
						CreatedOnToolsVersion = 6.1.1;
					};
				};
			};
			buildConfigurationList = AF0B1E3F1A9C1EB500BEFEA2 /* Build configuration list for PBXProject "RealmForShotAlert2" */;
			compatibilityVersion = "Xcode 3.2";
			developmentRegion = English;
			hasScannedForEncodings = 0;
			knownRegions = (
				en,
			);
			mainGroup = AF0B1E3B1A9C1EB500BEFEA2;
			productRefGroup = AF0B1E451A9C1EB500BEFEA2 /* Products */;
			projectDirPath = "";
			projectRoot = "";
			targets = (
				AF0B1E431A9C1EB500BEFEA2 /* RealmForShotAlert2 */,
			);
		};
/* End PBXProject section */

/* Begin PBXSourcesBuildPhase section */
		AF0B1E401A9C1EB500BEFEA2 /* Sources */ = {
			isa = PBXSourcesBuildPhase;
			buildActionMask = 2147483647;
			files = (
				AF0B1E481A9C1EB500BEFEA2 /* main.m in Sources */,
			);
			runOnlyForDeploymentPostprocessing = 0;
		};
/* End PBXSourcesBuildPhase section */

/* Begin XCBuildConfiguration section */
		AF0B1E491A9C1EB500BEFEA2 /* Debug */ = {
			isa = XCBuildConfiguration;
			buildSettings = {
				ALWAYS_SEARCH_USER_PATHS = NO;
				CLANG_CXX_LANGUAGE_STANDARD = "gnu++0x";
				CLANG_CXX_LIBRARY = "libc++";
				CLANG_ENABLE_MODULES = YES;
				CLANG_ENABLE_OBJC_ARC = YES;
				CLANG_WARN_BOOL_CONVERSION = YES;
				CLANG_WARN_CONSTANT_CONVERSION = YES;
				CLANG_WARN_DIRECT_OBJC_ISA_USAGE = YES_ERROR;
				CLANG_WARN_EMPTY_BODY = YES;
				CLANG_WARN_ENUM_CONVERSION = YES;
				CLANG_WARN_INT_CONVERSION = YES;
				CLANG_WARN_OBJC_ROOT_CLASS = YES_ERROR;
				CLANG_WARN_UNREACHABLE_CODE = YES;
				CLANG_WARN__DUPLICATE_METHOD_MATCH = YES;
				COPY_PHASE_STRIP = NO;
				ENABLE_STRICT_OBJC_MSGSEND = YES;
				GCC_C_LANGUAGE_STANDARD = gnu99;
				GCC_DYNAMIC_NO_PIC = NO;
				GCC_OPTIMIZATION_LEVEL = 0;
				GCC_PREPROCESSOR_DEFINITIONS = (
					"DEBUG=1",
					"$(inherited)",
				);
				GCC_SYMBOLS_PRIVATE_EXTERN = NO;
				GCC_WARN_64_TO_32_BIT_CONVERSION = YES;
				GCC_WARN_ABOUT_RETURN_TYPE = YES_ERROR;
				GCC_WARN_UNDECLARED_SELECTOR = YES;
				GCC_WARN_UNINITIALIZED_AUTOS = YES_AGGRESSIVE;
				GCC_WARN_UNUSED_FUNCTION = YES;
				GCC_WARN_UNUSED_VARIABLE = YES;
				MACOSX_DEPLOYMENT_TARGET = 10.9;
				MTL_ENABLE_DEBUG_INFO = YES;
				ONLY_ACTIVE_ARCH = YES;
				SDKROOT = macosx;
			};
			name = Debug;
		};
		AF0B1E4A1A9C1EB500BEFEA2 /* Release */ = {
			isa = XCBuildConfiguration;
			buildSettings = {
				ALWAYS_SEARCH_USER_PATHS = NO;
				CLANG_CXX_LANGUAGE_STANDARD = "gnu++0x";
				CLANG_CXX_LIBRARY = "libc++";
				CLANG_ENABLE_MODULES = YES;
				CLANG_ENABLE_OBJC_ARC = YES;
				CLANG_WARN_BOOL_CONVERSION = YES;
				CLANG_WARN_CONSTANT_CONVERSION = YES;
				CLANG_WARN_DIRECT_OBJC_ISA_USAGE = YES_ERROR;
				CLANG_WARN_EMPTY_BODY = YES;
				CLANG_WARN_ENUM_CONVERSION = YES;
				CLANG_WARN_INT_CONVERSION = YES;
				CLANG_WARN_OBJC_ROOT_CLASS = YES_ERROR;
				CLANG_WARN_UNREACHABLE_CODE = YES;
				CLANG_WARN__DUPLICATE_METHOD_MATCH = YES;
				COPY_PHASE_STRIP = YES;
				DEBUG_INFORMATION_FORMAT = "dwarf-with-dsym";
				ENABLE_NS_ASSERTIONS = NO;
				ENABLE_STRICT_OBJC_MSGSEND = YES;
				GCC_C_LANGUAGE_STANDARD = gnu99;
				GCC_WARN_64_TO_32_BIT_CONVERSION = YES;
				GCC_WARN_ABOUT_RETURN_TYPE = YES_ERROR;
				GCC_WARN_UNDECLARED_SELECTOR = YES;
				GCC_WARN_UNINITIALIZED_AUTOS = YES_AGGRESSIVE;
				GCC_WARN_UNUSED_FUNCTION = YES;
				GCC_WARN_UNUSED_VARIABLE = YES;
				MACOSX_DEPLOYMENT_TARGET = 10.9;
				MTL_ENABLE_DEBUG_INFO = NO;
				SDKROOT = macosx;
			};
			name = Release;
		};
		AF0B1E4C1A9C1EB500BEFEA2 /* Debug */ = {
			isa = XCBuildConfiguration;
			buildSettings = {
				PRODUCT_NAME = "$(TARGET_NAME)";
			};
			name = Debug;
		};
		AF0B1E4D1A9C1EB500BEFEA2 /* Release */ = {
			isa = XCBuildConfiguration;
			buildSettings = {
				PRODUCT_NAME = "$(TARGET_NAME)";
			};
			name = Release;
		};
/* End XCBuildConfiguration section */

/* Begin XCConfigurationList section */
		AF0B1E3F1A9C1EB500BEFEA2 /* Build configuration list for PBXProject "RealmForShotAlert2" */ = {
			isa = XCConfigurationList;
			buildConfigurations = (
				AF0B1E491A9C1EB500BEFEA2 /* Debug */,
				AF0B1E4A1A9C1EB500BEFEA2 /* Release */,
			);
			defaultConfigurationIsVisible = 0;
			defaultConfigurationName = Release;
		};
		AF0B1E4B1A9C1EB500BEFEA2 /* Build configuration list for PBXNativeTarget "RealmForShotAlert2" */ = {
			isa = XCConfigurationList;
			buildConfigurations = (
				AF0B1E4C1A9C1EB500BEFEA2 /* Debug */,
				AF0B1E4D1A9C1EB500BEFEA2 /* Release */,
			);
			defaultConfigurationIsVisible = 0;
		};
/* End XCConfigurationList section */
	};
	rootObject = AF0B1E3C1A9C1EB500BEFEA2 /* Project object */;
}
